
Microsoft Visual Studio Solution File, Format Version 12.00
# Visual Studio Version 17
VisualStudioVersion = 17.6.33712.159
MinimumVisualStudioVersion = 10.0.40219.1
Project("{FAE04EC0-301F-11D3-BF4B-00C04F79EFBC}") = "Gandalf.BackOffice", "Gandalf.BackOffice\Gandalf.BackOffice.csproj", "{88A3EC73-5200-48DB-8547-C9316479849C}"
EndProject
Global
	GlobalSection(SolutionConfigurationPlatforms) = preSolution
		Debug|Any CPU = Debug|Any CPU
		Release|Any CPU = Release|Any CPU
	EndGlobalSection
	GlobalSection(ProjectConfigurationPlatforms) = postSolution
		{88A3EC73-5200-48DB-8547-C9316479849C}.Debug|Any CPU.ActiveCfg = Debug|Any CPU
		{88A3EC73-5200-48DB-8547-C9316479849C}.Debug|Any CPU.Build.0 = Debug|Any CPU
		{88A3EC73-5200-48DB-8547-C9316479849C}.Release|Any CPU.ActiveCfg = Release|Any CPU
		{88A3EC73-5200-48DB-8547-C9316479849C}.Release|Any CPU.Build.0 = Release|Any CPU
	EndGlobalSection
	GlobalSection(SolutionProperties) = preSolution
		HideSolutionNode = FALSE
	EndGlobalSection
	GlobalSection(ExtensibilityGlobals) = postSolution
		SolutionGuid = {E0DB5281-EBA8-49CC-8509-E6647566D204}
	EndGlobalSection
EndGlobal
